
Microsoft Visual Studio Solution File, Format Version 12.00
# Visual Studio 15
VisualStudioVersion = 15.0.26124.0
MinimumVisualStudioVersion = 15.0.26124.0
Project("{FAE04EC0-301F-11D3-BF4B-00C04F79EFBC}") = "Domain", "Domain\Domain.csproj", "{1A8D49B0-4228-438B-A45F-F525060851D9}"
EndProject
Project("{FAE04EC0-301F-11D3-BF4B-00C04F79EFBC}") = "Application", "Application\Application.csproj", "{97959965-70FC-4B3E-9D72-5B3C1C5F6E60}"
EndProject
Project("{FAE04EC0-301F-11D3-BF4B-00C04F79EFBC}") = "Persistence", "Persistence\Persistence.csproj", "{7F703E54-E372-4F32-8B11-ED3A5E866513}"
EndProject
Project("{FAE04EC0-301F-11D3-BF4B-00C04F79EFBC}") = "API", "API\API.csproj", "{5A49E87B-4027-4ADC-85C5-9BDCC75FE10A}"
EndProject
Global
	GlobalSection(SolutionConfigurationPlatforms) = preSolution
		Debug|Any CPU = Debug|Any CPU
		Debug|x64 = Debug|x64
		Debug|x86 = Debug|x86
		Release|Any CPU = Release|Any CPU
		Release|x64 = Release|x64
		Release|x86 = Release|x86
	EndGlobalSection
	GlobalSection(SolutionProperties) = preSolution
		HideSolutionNode = FALSE
	EndGlobalSection
	GlobalSection(ProjectConfigurationPlatforms) = postSolution
		{1A8D49B0-4228-438B-A45F-F525060851D9}.Debug|Any CPU.ActiveCfg = Debug|Any CPU
		{1A8D49B0-4228-438B-A45F-F525060851D9}.Debug|Any CPU.Build.0 = Debug|Any CPU
		{1A8D49B0-4228-438B-A45F-F525060851D9}.Debug|x64.ActiveCfg = Debug|Any CPU
		{1A8D49B0-4228-438B-A45F-F525060851D9}.Debug|x64.Build.0 = Debug|Any CPU
		{1A8D49B0-4228-438B-A45F-F525060851D9}.Debug|x86.ActiveCfg = Debug|Any CPU
		{1A8D49B0-4228-438B-A45F-F525060851D9}.Debug|x86.Build.0 = Debug|Any CPU
		{1A8D49B0-4228-438B-A45F-F525060851D9}.Release|Any CPU.ActiveCfg = Release|Any CPU
		{1A8D49B0-4228-438B-A45F-F525060851D9}.Release|Any CPU.Build.0 = Release|Any CPU
		{1A8D49B0-4228-438B-A45F-F525060851D9}.Release|x64.ActiveCfg = Release|Any CPU
		{1A8D49B0-4228-438B-A45F-F525060851D9}.Release|x64.Build.0 = Release|Any CPU
		{1A8D49B0-4228-438B-A45F-F525060851D9}.Release|x86.ActiveCfg = Release|Any CPU
		{1A8D49B0-4228-438B-A45F-F525060851D9}.Release|x86.Build.0 = Release|Any CPU
		{97959965-70FC-4B3E-9D72-5B3C1C5F6E60}.Debug|Any CPU.ActiveCfg = Debug|Any CPU
		{97959965-70FC-4B3E-9D72-5B3C1C5F6E60}.Debug|Any CPU.Build.0 = Debug|Any CPU
		{97959965-70FC-4B3E-9D72-5B3C1C5F6E60}.Debug|x64.ActiveCfg = Debug|Any CPU
		{97959965-70FC-4B3E-9D72-5B3C1C5F6E60}.Debug|x64.Build.0 = Debug|Any CPU
		{97959965-70FC-4B3E-9D72-5B3C1C5F6E60}.Debug|x86.ActiveCfg = Debug|Any CPU
		{97959965-70FC-4B3E-9D72-5B3C1C5F6E60}.Debug|x86.Build.0 = Debug|Any CPU
		{97959965-70FC-4B3E-9D72-5B3C1C5F6E60}.Release|Any CPU.ActiveCfg = Release|Any CPU
		{97959965-70FC-4B3E-9D72-5B3C1C5F6E60}.Release|Any CPU.Build.0 = Release|Any CPU
		{97959965-70FC-4B3E-9D72-5B3C1C5F6E60}.Release|x64.ActiveCfg = Release|Any CPU
		{97959965-70FC-4B3E-9D72-5B3C1C5F6E60}.Release|x64.Build.0 = Release|Any CPU
		{97959965-70FC-4B3E-9D72-5B3C1C5F6E60}.Release|x86.ActiveCfg = Release|Any CPU
		{97959965-70FC-4B3E-9D72-5B3C1C5F6E60}.Release|x86.Build.0 = Release|Any CPU
		{7F703E54-E372-4F32-8B11-ED3A5E866513}.Debug|Any CPU.ActiveCfg = Debug|Any CPU
		{7F703E54-E372-4F32-8B11-ED3A5E866513}.Debug|Any CPU.Build.0 = Debug|Any CPU
		{7F703E54-E372-4F32-8B11-ED3A5E866513}.Debug|x64.ActiveCfg = Debug|Any CPU
		{7F703E54-E372-4F32-8B11-ED3A5E866513}.Debug|x64.Build.0 = Debug|Any CPU
		{7F703E54-E372-4F32-8B11-ED3A5E866513}.Debug|x86.ActiveCfg = Debug|Any CPU
		{7F703E54-E372-4F32-8B11-ED3A5E866513}.Debug|x86.Build.0 = Debug|Any CPU
		{7F703E54-E372-4F32-8B11-ED3A5E866513}.Release|Any CPU.ActiveCfg = Release|Any CPU
		{7F703E54-E372-4F32-8B11-ED3A5E866513}.Release|Any CPU.Build.0 = Release|Any CPU
		{7F703E54-E372-4F32-8B11-ED3A5E866513}.Release|x64.ActiveCfg = Release|Any CPU
		{7F703E54-E372-4F32-8B11-ED3A5E866513}.Release|x64.Build.0 = Release|Any CPU
		{7F703E54-E372-4F32-8B11-ED3A5E866513}.Release|x86.ActiveCfg = Release|Any CPU
		{7F703E54-E372-4F32-8B11-ED3A5E866513}.Release|x86.Build.0 = Release|Any CPU
		{5A49E87B-4027-4ADC-85C5-9BDCC75FE10A}.Debug|Any CPU.ActiveCfg = Debug|Any CPU
		{5A49E87B-4027-4ADC-85C5-9BDCC75FE10A}.Debug|Any CPU.Build.0 = Debug|Any CPU
		{5A49E87B-4027-4ADC-85C5-9BDCC75FE10A}.Debug|x64.ActiveCfg = Debug|Any CPU
		{5A49E87B-4027-4ADC-85C5-9BDCC75FE10A}.Debug|x64.Build.0 = Debug|Any CPU
		{5A49E87B-4027-4ADC-85C5-9BDCC75FE10A}.Debug|x86.ActiveCfg = Debug|Any CPU
		{5A49E87B-4027-4ADC-85C5-9BDCC75FE10A}.Debug|x86.Build.0 = Debug|Any CPU
		{5A49E87B-4027-4ADC-85C5-9BDCC75FE10A}.Release|Any CPU.ActiveCfg = Release|Any CPU
		{5A49E87B-4027-4ADC-85C5-9BDCC75FE10A}.Release|Any CPU.Build.0 = Release|Any CPU
		{5A49E87B-4027-4ADC-85C5-9BDCC75FE10A}.Release|x64.ActiveCfg = Release|Any CPU
		{5A49E87B-4027-4ADC-85C5-9BDCC75FE10A}.Release|x64.Build.0 = Release|Any CPU
		{5A49E87B-4027-4ADC-85C5-9BDCC75FE10A}.Release|x86.ActiveCfg = Release|Any CPU
		{5A49E87B-4027-4ADC-85C5-9BDCC75FE10A}.Release|x86.Build.0 = Release|Any CPU
	EndGlobalSection
EndGlobal
